// !$*UTF8*$!
{
	archiveVersion = 1;
	classes = {
	};
	objectVersion = 56;
	objects = {

/* Begin PBXBuildFile section */
		C048E52F29D3C66200DB7E9F /* Landmark.swift in Sources */ = {isa = PBXBuildFile; fileRef = C048E52E29D3C66200DB7E9F /* Landmark.swift */; };
		C048E53129D3C81900DB7E9F /* ModelData.swift in Sources */ = {isa = PBXBuildFile; fileRef = C048E53029D3C81900DB7E9F /* ModelData.swift */; };
		C09E0ACA29D2EC3B00D58E0E /* LandmarksApp.swift in Sources */ = {isa = PBXBuildFile; fileRef = C09E0AC929D2EC3B00D58E0E /* LandmarksApp.swift */; };
		C09E0ACC29D2EC3B00D58E0E /* ContentView.swift in Sources */ = {isa = PBXBuildFile; fileRef = C09E0ACB29D2EC3B00D58E0E /* ContentView.swift */; };
		C09E0ACE29D2EC3C00D58E0E /* Assets.xcassets in Resources */ = {isa = PBXBuildFile; fileRef = C09E0ACD29D2EC3C00D58E0E /* Assets.xcassets */; };
		C09E0AD129D2EC3C00D58E0E /* Preview Assets.xcassets in Resources */ = {isa = PBXBuildFile; fileRef = C09E0AD029D2EC3C00D58E0E /* Preview Assets.xcassets */; };
		C09E0AD829D32CB900D58E0E /* CircleImage.swift in Sources */ = {isa = PBXBuildFile; fileRef = C09E0AD729D32CB900D58E0E /* CircleImage.swift */; };
		C09E0ADA29D32E1C00D58E0E /* MapView.swift in Sources */ = {isa = PBXBuildFile; fileRef = C09E0AD929D32E1C00D58E0E /* MapView.swift */; };
		C0F9F28329D3CD3E00FD84A2 /* landmarkData.json in Resources */ = {isa = PBXBuildFile; fileRef = C0F9F28229D3CD3E00FD84A2 /* landmarkData.json */; };
		C0F9F28829D3CE3300FD84A2 /* LandmarkRow.swift in Sources */ = {isa = PBXBuildFile; fileRef = C0F9F28729D3CE3300FD84A2 /* LandmarkRow.swift */; };
		C0F9F28A29D3CFE600FD84A2 /* LandmarkList.swift in Sources */ = {isa = PBXBuildFile; fileRef = C0F9F28929D3CFE600FD84A2 /* LandmarkList.swift */; };
		C0F9F28C29D3D12200FD84A2 /* LandmarkDetail.swift in Sources */ = {isa = PBXBuildFile; fileRef = C0F9F28B29D3D12200FD84A2 /* LandmarkDetail.swift */; };
		C0F9F28E29D472FC00FD84A2 /* FavoriteButton.swift in Sources */ = {isa = PBXBuildFile; fileRef = C0F9F28D29D472FC00FD84A2 /* FavoriteButton.swift */; };
		C0F9F29229D4775900FD84A2 /* HexagonParameters.swift in Sources */ = {isa = PBXBuildFile; fileRef = C0F9F29129D4775900FD84A2 /* HexagonParameters.swift */; };
		C0F9F29629D47E3A00FD84A2 /* BadgeSymbol.swift in Sources */ = {isa = PBXBuildFile; fileRef = C0F9F29529D47E3A00FD84A2 /* BadgeSymbol.swift */; };
		C0F9F29829D47EB500FD84A2 /* RotatedBadgeSymbol.swift in Sources */ = {isa = PBXBuildFile; fileRef = C0F9F29729D47EB500FD84A2 /* RotatedBadgeSymbol.swift */; };
		C0F9F29A29D480E500FD84A2 /* Badge.swift in Sources */ = {isa = PBXBuildFile; fileRef = C0F9F29929D480E500FD84A2 /* Badge.swift */; };
		C0F9F2AC29D48C3F00FD84A2 /* hikeData.json in Resources */ = {isa = PBXBuildFile; fileRef = C0F9F2AB29D48C3F00FD84A2 /* hikeData.json */; };
		C0F9F2AE29D48C6200FD84A2 /* Hike.swift in Sources */ = {isa = PBXBuildFile; fileRef = C0F9F2AD29D48C6200FD84A2 /* Hike.swift */; };
		C0F9F2B429D48CAD00FD84A2 /* GraphCapsule.swift in Sources */ = {isa = PBXBuildFile; fileRef = C0F9F2B029D48CAD00FD84A2 /* GraphCapsule.swift */; };
		C0F9F2B529D48CAD00FD84A2 /* HikeGraph.swift in Sources */ = {isa = PBXBuildFile; fileRef = C0F9F2B129D48CAD00FD84A2 /* HikeGraph.swift */; };
		C0F9F2B629D48CAD00FD84A2 /* HikeDetail.swift in Sources */ = {isa = PBXBuildFile; fileRef = C0F9F2B229D48CAD00FD84A2 /* HikeDetail.swift */; };
		C0F9F2B729D48CAD00FD84A2 /* HikeView.swift in Sources */ = {isa = PBXBuildFile; fileRef = C0F9F2B329D48CAD00FD84A2 /* HikeView.swift */; };
		C0F9F2B929D48EB800FD84A2 /* BadgeBackground.swift in Sources */ = {isa = PBXBuildFile; fileRef = C0F9F2B829D48EB800FD84A2 /* BadgeBackground.swift */; };
		C0F9F2BB29D5503300FD84A2 /* CategoryHome.swift in Sources */ = {isa = PBXBuildFile; fileRef = C0F9F2BA29D5503300FD84A2 /* CategoryHome.swift */; };
		C0F9F2BD29D5517000FD84A2 /* CategoryRow.swift in Sources */ = {isa = PBXBuildFile; fileRef = C0F9F2BC29D5517000FD84A2 /* CategoryRow.swift */; };
		C0F9F2BF29D551BF00FD84A2 /* CategoryItem.swift in Sources */ = {isa = PBXBuildFile; fileRef = C0F9F2BE29D551BF00FD84A2 /* CategoryItem.swift */; };
/* End PBXBuildFile section */

/* Begin PBXFileReference section */
		C048E52E29D3C66200DB7E9F /* Landmark.swift */ = {isa = PBXFileReference; lastKnownFileType = sourcecode.swift; path = Landmark.swift; sourceTree = "<group>"; };
		C048E53029D3C81900DB7E9F /* ModelData.swift */ = {isa = PBXFileReference; lastKnownFileType = sourcecode.swift; path = ModelData.swift; sourceTree = "<group>"; };
		C09E0AC629D2EC3B00D58E0E /* Landmarks.app */ = {isa = PBXFileReference; explicitFileType = wrapper.application; includeInIndex = 0; path = Landmarks.app; sourceTree = BUILT_PRODUCTS_DIR; };
		C09E0AC929D2EC3B00D58E0E /* LandmarksApp.swift */ = {isa = PBXFileReference; lastKnownFileType = sourcecode.swift; path = LandmarksApp.swift; sourceTree = "<group>"; };
		C09E0ACB29D2EC3B00D58E0E /* ContentView.swift */ = {isa = PBXFileReference; lastKnownFileType = sourcecode.swift; path = ContentView.swift; sourceTree = "<group>"; };
		C09E0ACD29D2EC3C00D58E0E /* Assets.xcassets */ = {isa = PBXFileReference; lastKnownFileType = folder.assetcatalog; path = Assets.xcassets; sourceTree = "<group>"; };
		C09E0AD029D2EC3C00D58E0E /* Preview Assets.xcassets */ = {isa = PBXFileReference; lastKnownFileType = folder.assetcatalog; path = "Preview Assets.xcassets"; sourceTree = "<group>"; };
		C09E0AD729D32CB900D58E0E /* CircleImage.swift */ = {isa = PBXFileReference; lastKnownFileType = sourcecode.swift; path = CircleImage.swift; sourceTree = "<group>"; };
		C09E0AD929D32E1C00D58E0E /* MapView.swift */ = {isa = PBXFileReference; lastKnownFileType = sourcecode.swift; path = MapView.swift; sourceTree = "<group>"; };
		C0F9F28229D3CD3E00FD84A2 /* landmarkData.json */ = {isa = PBXFileReference; fileEncoding = 4; lastKnownFileType = text.json; path = landmarkData.json; sourceTree = "<group>"; };
		C0F9F28729D3CE3300FD84A2 /* LandmarkRow.swift */ = {isa = PBXFileReference; lastKnownFileType = sourcecode.swift; path = LandmarkRow.swift; sourceTree = "<group>"; };
		C0F9F28929D3CFE600FD84A2 /* LandmarkList.swift */ = {isa = PBXFileReference; lastKnownFileType = sourcecode.swift; path = LandmarkList.swift; sourceTree = "<group>"; };
		C0F9F28B29D3D12200FD84A2 /* LandmarkDetail.swift */ = {isa = PBXFileReference; lastKnownFileType = sourcecode.swift; path = LandmarkDetail.swift; sourceTree = "<group>"; };
		C0F9F28D29D472FC00FD84A2 /* FavoriteButton.swift */ = {isa = PBXFileReference; lastKnownFileType = sourcecode.swift; path = FavoriteButton.swift; sourceTree = "<group>"; };
		C0F9F29129D4775900FD84A2 /* HexagonParameters.swift */ = {isa = PBXFileReference; lastKnownFileType = sourcecode.swift; path = HexagonParameters.swift; sourceTree = "<group>"; };
		C0F9F29529D47E3A00FD84A2 /* BadgeSymbol.swift */ = {isa = PBXFileReference; lastKnownFileType = sourcecode.swift; path = BadgeSymbol.swift; sourceTree = "<group>"; };
		C0F9F29729D47EB500FD84A2 /* RotatedBadgeSymbol.swift */ = {isa = PBXFileReference; lastKnownFileType = sourcecode.swift; path = RotatedBadgeSymbol.swift; sourceTree = "<group>"; };
		C0F9F29929D480E500FD84A2 /* Badge.swift */ = {isa = PBXFileReference; lastKnownFileType = sourcecode.swift; path = Badge.swift; sourceTree = "<group>"; };
		C0F9F2AB29D48C3F00FD84A2 /* hikeData.json */ = {isa = PBXFileReference; fileEncoding = 4; lastKnownFileType = text.json; name = hikeData.json; path = ../../../AnimatingViewsAndTransitions/Resources/hikeData.json; sourceTree = "<group>"; };
		C0F9F2AD29D48C6200FD84A2 /* Hike.swift */ = {isa = PBXFileReference; lastKnownFileType = sourcecode.swift; path = Hike.swift; sourceTree = "<group>"; };
		C0F9F2B029D48CAD00FD84A2 /* GraphCapsule.swift */ = {isa = PBXFileReference; fileEncoding = 4; lastKnownFileType = sourcecode.swift; path = GraphCapsule.swift; sourceTree = "<group>"; };
		C0F9F2B129D48CAD00FD84A2 /* HikeGraph.swift */ = {isa = PBXFileReference; fileEncoding = 4; lastKnownFileType = sourcecode.swift; path = HikeGraph.swift; sourceTree = "<group>"; };
		C0F9F2B229D48CAD00FD84A2 /* HikeDetail.swift */ = {isa = PBXFileReference; fileEncoding = 4; lastKnownFileType = sourcecode.swift; path = HikeDetail.swift; sourceTree = "<group>"; };
		C0F9F2B329D48CAD00FD84A2 /* HikeView.swift */ = {isa = PBXFileReference; fileEncoding = 4; lastKnownFileType = sourcecode.swift; path = HikeView.swift; sourceTree = "<group>"; };
		C0F9F2B829D48EB800FD84A2 /* BadgeBackground.swift */ = {isa = PBXFileReference; lastKnownFileType = sourcecode.swift; path = BadgeBackground.swift; sourceTree = "<group>"; };
		C0F9F2BA29D5503300FD84A2 /* CategoryHome.swift */ = {isa = PBXFileReference; lastKnownFileType = sourcecode.swift; path = CategoryHome.swift; sourceTree = "<group>"; };
		C0F9F2BC29D5517000FD84A2 /* CategoryRow.swift */ = {isa = PBXFileReference; lastKnownFileType = sourcecode.swift; path = CategoryRow.swift; sourceTree = "<group>"; };
		C0F9F2BE29D551BF00FD84A2 /* CategoryItem.swift */ = {isa = PBXFileReference; lastKnownFileType = sourcecode.swift; path = CategoryItem.swift; sourceTree = "<group>"; };
/* End PBXFileReference section */

/* Begin PBXFrameworksBuildPhase section */
		C09E0AC329D2EC3B00D58E0E /* Frameworks */ = {
			isa = PBXFrameworksBuildPhase;
			buildActionMask = 2147483647;
			files = (
			);
			runOnlyForDeploymentPostprocessing = 0;
		};
/* End PBXFrameworksBuildPhase section */

/* Begin PBXGroup section */
		C09E0ABD29D2EC3B00D58E0E = {
			isa = PBXGroup;
			children = (
				C09E0AC829D2EC3B00D58E0E /* Landmarks */,
				C09E0AC729D2EC3B00D58E0E /* Products */,
			);
			sourceTree = "<group>";
		};
		C09E0AC729D2EC3B00D58E0E /* Products */ = {
			isa = PBXGroup;
			children = (
				C09E0AC629D2EC3B00D58E0E /* Landmarks.app */,
			);
			name = Products;
			sourceTree = "<group>";
		};
		C09E0AC829D2EC3B00D58E0E /* Landmarks */ = {
			isa = PBXGroup;
			children = (
				C09E0AC929D2EC3B00D58E0E /* LandmarksApp.swift */,
				C0F9F28029D3CCC300FD84A2 /* Views */,
				C0F9F28129D3CCE500FD84A2 /* Model */,
				C0F9F28429D3CD4700FD84A2 /* Resources */,
				C09E0ACD29D2EC3C00D58E0E /* Assets.xcassets */,
				C09E0ACF29D2EC3C00D58E0E /* Preview Content */,
			);
			path = Landmarks;
			sourceTree = "<group>";
		};
		C09E0ACF29D2EC3C00D58E0E /* Preview Content */ = {
			isa = PBXGroup;
			children = (
				C09E0AD029D2EC3C00D58E0E /* Preview Assets.xcassets */,
			);
			path = "Preview Content";
			sourceTree = "<group>";
		};
		C0F9F28029D3CCC300FD84A2 /* Views */ = {
			isa = PBXGroup;
			children = (
				C09E0ACB29D2EC3B00D58E0E /* ContentView.swift */,
				C0F9F2BA29D5503300FD84A2 /* CategoryHome.swift */,
				C0F9F2BC29D5517000FD84A2 /* CategoryRow.swift */,
				C0F9F2BE29D551BF00FD84A2 /* CategoryItem.swift */,
				C0F9F2AF29D48CAD00FD84A2 /* Hikes */,
				C0F9F28F29D4738300FD84A2 /* Landmarks */,
				C0F9F29B29D4819F00FD84A2 /* Badges */,
				C0F9F29029D473A000FD84A2 /* Helpers */,
			);
			path = Views;
			sourceTree = "<group>";
		};
		C0F9F28129D3CCE500FD84A2 /* Model */ = {
			isa = PBXGroup;
			children = (
				C048E52E29D3C66200DB7E9F /* Landmark.swift */,
				C048E53029D3C81900DB7E9F /* ModelData.swift */,
				C0F9F2AD29D48C6200FD84A2 /* Hike.swift */,
			);
			path = Model;
			sourceTree = "<group>";
		};
		C0F9F28429D3CD4700FD84A2 /* Resources */ = {
			isa = PBXGroup;
			children = (
				C0F9F2AB29D48C3F00FD84A2 /* hikeData.json */,
				C0F9F28229D3CD3E00FD84A2 /* landmarkData.json */,
			);
			path = Resources;
			sourceTree = "<group>";
		};
		C0F9F28F29D4738300FD84A2 /* Landmarks */ = {
			isa = PBXGroup;
			children = (
				C0F9F28729D3CE3300FD84A2 /* LandmarkRow.swift */,
				C0F9F28929D3CFE600FD84A2 /* LandmarkList.swift */,
				C0F9F28B29D3D12200FD84A2 /* LandmarkDetail.swift */,
			);
			path = Landmarks;
			sourceTree = "<group>";
		};
		C0F9F29029D473A000FD84A2 /* Helpers */ = {
			isa = PBXGroup;
			children = (
				C0F9F28D29D472FC00FD84A2 /* FavoriteButton.swift */,
				C09E0AD729D32CB900D58E0E /* CircleImage.swift */,
				C09E0AD929D32E1C00D58E0E /* MapView.swift */,
			);
			path = Helpers;
			sourceTree = "<group>";
		};
		C0F9F29B29D4819F00FD84A2 /* Badges */ = {
			isa = PBXGroup;
			children = (
				C0F9F29529D47E3A00FD84A2 /* BadgeSymbol.swift */,
				C0F9F29129D4775900FD84A2 /* HexagonParameters.swift */,
				C0F9F29729D47EB500FD84A2 /* RotatedBadgeSymbol.swift */,
				C0F9F2B829D48EB800FD84A2 /* BadgeBackground.swift */,
				C0F9F29929D480E500FD84A2 /* Badge.swift */,
			);
			path = Badges;
			sourceTree = "<group>";
		};
		C0F9F2AF29D48CAD00FD84A2 /* Hikes */ = {
			isa = PBXGroup;
			children = (
				C0F9F2B029D48CAD00FD84A2 /* GraphCapsule.swift */,
				C0F9F2B129D48CAD00FD84A2 /* HikeGraph.swift */,
				C0F9F2B229D48CAD00FD84A2 /* HikeDetail.swift */,
				C0F9F2B329D48CAD00FD84A2 /* HikeView.swift */,
			);
			path = Hikes;
			sourceTree = "<group>";
		};
/* End PBXGroup section */

/* Begin PBXNativeTarget section */
		C09E0AC529D2EC3B00D58E0E /* Landmarks */ = {
			isa = PBXNativeTarget;
			buildConfigurationList = C09E0AD429D2EC3C00D58E0E /* Build configuration list for PBXNativeTarget "Landmarks" */;
			buildPhases = (
				C09E0AC229D2EC3B00D58E0E /* Sources */,
				C09E0AC329D2EC3B00D58E0E /* Frameworks */,
				C09E0AC429D2EC3B00D58E0E /* Resources */,
			);
			buildRules = (
			);
			dependencies = (
			);
			name = Landmarks;
			productName = Landmarks;
			productReference = C09E0AC629D2EC3B00D58E0E /* Landmarks.app */;
			productType = "com.apple.product-type.application";
		};
/* End PBXNativeTarget section */

/* Begin PBXProject section */
		C09E0ABE29D2EC3B00D58E0E /* Project object */ = {
			isa = PBXProject;
			attributes = {
				BuildIndependentTargetsInParallel = 1;
				LastSwiftUpdateCheck = 1420;
				LastUpgradeCheck = 1420;
				TargetAttributes = {
					C09E0AC529D2EC3B00D58E0E = {
						CreatedOnToolsVersion = 14.2;
					};
				};
			};
			buildConfigurationList = C09E0AC129D2EC3B00D58E0E /* Build configuration list for PBXProject "Landmarks" */;
			compatibilityVersion = "Xcode 14.0";
			developmentRegion = en;
			hasScannedForEncodings = 0;
			knownRegions = (
				en,
				Base,
			);
			mainGroup = C09E0ABD29D2EC3B00D58E0E;
			productRefGroup = C09E0AC729D2EC3B00D58E0E /* Products */;
			projectDirPath = "";
			projectRoot = "";
			targets = (
				C09E0AC529D2EC3B00D58E0E /* Landmarks */,
			);
		};
/* End PBXProject section */

/* Begin PBXResourcesBuildPhase section */
		C09E0AC429D2EC3B00D58E0E /* Resources */ = {
			isa = PBXResourcesBuildPhase;
			buildActionMask = 2147483647;
			files = (
				C0F9F2AC29D48C3F00FD84A2 /* hikeData.json in Resources */,
				C09E0AD129D2EC3C00D58E0E /* Preview Assets.xcassets in Resources */,
				C09E0ACE29D2EC3C00D58E0E /* Assets.xcassets in Resources */,
				C0F9F28329D3CD3E00FD84A2 /* landmarkData.json in Resources */,
			);
			runOnlyForDeploymentPostprocessing = 0;
		};
/* End PBXResourcesBuildPhase section */

/* Begin PBXSourcesBuildPhase section */
		C09E0AC229D2EC3B00D58E0E /* Sources */ = {
			isa = PBXSourcesBuildPhase;
			buildActionMask = 2147483647;
			files = (
				C0F9F2BD29D5517000FD84A2 /* CategoryRow.swift in Sources */,
				C0F9F2AE29D48C6200FD84A2 /* Hike.swift in Sources */,
				C0F9F2BB29D5503300FD84A2 /* CategoryHome.swift in Sources */,
				C09E0ACC29D2EC3B00D58E0E /* ContentView.swift in Sources */,
				C0F9F29A29D480E500FD84A2 /* Badge.swift in Sources */,
				C0F9F2B929D48EB800FD84A2 /* BadgeBackground.swift in Sources */,
				C09E0ADA29D32E1C00D58E0E /* MapView.swift in Sources */,
				C0F9F2B729D48CAD00FD84A2 /* HikeView.swift in Sources */,
				C048E52F29D3C66200DB7E9F /* Landmark.swift in Sources */,
				C0F9F2BF29D551BF00FD84A2 /* CategoryItem.swift in Sources */,
				C0F9F28E29D472FC00FD84A2 /* FavoriteButton.swift in Sources */,
				C0F9F29229D4775900FD84A2 /* HexagonParameters.swift in Sources */,
				C0F9F29829D47EB500FD84A2 /* RotatedBadgeSymbol.swift in Sources */,
				C0F9F29629D47E3A00FD84A2 /* BadgeSymbol.swift in Sources */,
				C0F9F28A29D3CFE600FD84A2 /* LandmarkList.swift in Sources */,
				C0F9F28C29D3D12200FD84A2 /* LandmarkDetail.swift in Sources */,
				C0F9F2B629D48CAD00FD84A2 /* HikeDetail.swift in Sources */,
				C09E0ACA29D2EC3B00D58E0E /* LandmarksApp.swift in Sources */,
				C0F9F2B429D48CAD00FD84A2 /* GraphCapsule.swift in Sources */,
				C048E53129D3C81900DB7E9F /* ModelData.swift in Sources */,
				C0F9F28829D3CE3300FD84A2 /* LandmarkRow.swift in Sources */,
				C09E0AD829D32CB900D58E0E /* CircleImage.swift in Sources */,
				C0F9F2B529D48CAD00FD84A2 /* HikeGraph.swift in Sources */,
			);
			runOnlyForDeploymentPostprocessing = 0;
		};
/* End PBXSourcesBuildPhase section */

/* Begin XCBuildConfiguration section */
		C09E0AD229D2EC3C00D58E0E /* Debug */ = {
			isa = XCBuildConfiguration;
			buildSettings = {
				ALWAYS_SEARCH_USER_PATHS = NO;
				CLANG_ANALYZER_NONNULL = YES;
				CLANG_ANALYZER_NUMBER_OBJECT_CONVERSION = YES_AGGRESSIVE;
				CLANG_CXX_LANGUAGE_STANDARD = "gnu++20";
				CLANG_ENABLE_MODULES = YES;
				CLANG_ENABLE_OBJC_ARC = YES;
				CLANG_ENABLE_OBJC_WEAK = YES;
				CLANG_WARN_BLOCK_CAPTURE_AUTORELEASING = YES;
				CLANG_WARN_BOOL_CONVERSION = YES;
				CLANG_WARN_COMMA = YES;
				CLANG_WARN_CONSTANT_CONVERSION = YES;
				CLANG_WARN_DEPRECATED_OBJC_IMPLEMENTATIONS = YES;
				CLANG_WARN_DIRECT_OBJC_ISA_USAGE = YES_ERROR;
				CLANG_WARN_DOCUMENTATION_COMMENTS = YES;
				CLANG_WARN_EMPTY_BODY = YES;
				CLANG_WARN_ENUM_CONVERSION = YES;
				CLANG_WARN_INFINITE_RECURSION = YES;
				CLANG_WARN_INT_CONVERSION = YES;
				CLANG_WARN_NON_LITERAL_NULL_CONVERSION = YES;
				CLANG_WARN_OBJC_IMPLICIT_RETAIN_SELF = YES;
				CLANG_WARN_OBJC_LITERAL_CONVERSION = YES;
				CLANG_WARN_OBJC_ROOT_CLASS = YES_ERROR;
				CLANG_WARN_QUOTED_INCLUDE_IN_FRAMEWORK_HEADER = YES;
				CLANG_WARN_RANGE_LOOP_ANALYSIS = YES;
				CLANG_WARN_STRICT_PROTOTYPES = YES;
				CLANG_WARN_SUSPICIOUS_MOVE = YES;
				CLANG_WARN_UNGUARDED_AVAILABILITY = YES_AGGRESSIVE;
				CLANG_WARN_UNREACHABLE_CODE = YES;
				CLANG_WARN__DUPLICATE_METHOD_MATCH = YES;
				COPY_PHASE_STRIP = NO;
				DEBUG_INFORMATION_FORMAT = dwarf;
				ENABLE_STRICT_OBJC_MSGSEND = YES;
				ENABLE_TESTABILITY = YES;
				GCC_C_LANGUAGE_STANDARD = gnu11;
				GCC_DYNAMIC_NO_PIC = NO;
				GCC_NO_COMMON_BLOCKS = YES;
				GCC_OPTIMIZATION_LEVEL = 0;
				GCC_PREPROCESSOR_DEFINITIONS = (
					"DEBUG=1",
					"$(inherited)",
				);
				GCC_WARN_64_TO_32_BIT_CONVERSION = YES;
				GCC_WARN_ABOUT_RETURN_TYPE = YES_ERROR;
				GCC_WARN_UNDECLARED_SELECTOR = YES;
				GCC_WARN_UNINITIALIZED_AUTOS = YES_AGGRESSIVE;
				GCC_WARN_UNUSED_FUNCTION = YES;
				GCC_WARN_UNUSED_VARIABLE = YES;
				IPHONEOS_DEPLOYMENT_TARGET = 16.2;
				MTL_ENABLE_DEBUG_INFO = INCLUDE_SOURCE;
				MTL_FAST_MATH = YES;
				ONLY_ACTIVE_ARCH = YES;
				SDKROOT = iphoneos;
				SWIFT_ACTIVE_COMPILATION_CONDITIONS = DEBUG;
				SWIFT_OPTIMIZATION_LEVEL = "-Onone";
			};
			name = Debug;
		};
		C09E0AD329D2EC3C00D58E0E /* Release */ = {
			isa = XCBuildConfiguration;
			buildSettings = {
				ALWAYS_SEARCH_USER_PATHS = NO;
				CLANG_ANALYZER_NONNULL = YES;
				CLANG_ANALYZER_NUMBER_OBJECT_CONVERSION = YES_AGGRESSIVE;
				CLANG_CXX_LANGUAGE_STANDARD = "gnu++20";
				CLANG_ENABLE_MODULES = YES;
				CLANG_ENABLE_OBJC_ARC = YES;
				CLANG_ENABLE_OBJC_WEAK = YES;
				CLANG_WARN_BLOCK_CAPTURE_AUTORELEASING = YES;
				CLANG_WARN_BOOL_CONVERSION = YES;
				CLANG_WARN_COMMA = YES;
				CLANG_WARN_CONSTANT_CONVERSION = YES;
				CLANG_WARN_DEPRECATED_OBJC_IMPLEMENTATIONS = YES;
				CLANG_WARN_DIRECT_OBJC_ISA_USAGE = YES_ERROR;
				CLANG_WARN_DOCUMENTATION_COMMENTS = YES;
				CLANG_WARN_EMPTY_BODY = YES;
				CLANG_WARN_ENUM_CONVERSION = YES;
				CLANG_WARN_INFINITE_RECURSION = YES;
				CLANG_WARN_INT_CONVERSION = YES;
				CLANG_WARN_NON_LITERAL_NULL_CONVERSION = YES;
				CLANG_WARN_OBJC_IMPLICIT_RETAIN_SELF = YES;
				CLANG_WARN_OBJC_LITERAL_CONVERSION = YES;
				CLANG_WARN_OBJC_ROOT_CLASS = YES_ERROR;
				CLANG_WARN_QUOTED_INCLUDE_IN_FRAMEWORK_HEADER = YES;
				CLANG_WARN_RANGE_LOOP_ANALYSIS = YES;
				CLANG_WARN_STRICT_PROTOTYPES = YES;
				CLANG_WARN_SUSPICIOUS_MOVE = YES;
				CLANG_WARN_UNGUARDED_AVAILABILITY = YES_AGGRESSIVE;
				CLANG_WARN_UNREACHABLE_CODE = YES;
				CLANG_WARN__DUPLICATE_METHOD_MATCH = YES;
				COPY_PHASE_STRIP = NO;
				DEBUG_INFORMATION_FORMAT = "dwarf-with-dsym";
				ENABLE_NS_ASSERTIONS = NO;
				ENABLE_STRICT_OBJC_MSGSEND = YES;
				GCC_C_LANGUAGE_STANDARD = gnu11;
				GCC_NO_COMMON_BLOCKS = YES;
				GCC_WARN_64_TO_32_BIT_CONVERSION = YES;
				GCC_WARN_ABOUT_RETURN_TYPE = YES_ERROR;
				GCC_WARN_UNDECLARED_SELECTOR = YES;
				GCC_WARN_UNINITIALIZED_AUTOS = YES_AGGRESSIVE;
				GCC_WARN_UNUSED_FUNCTION = YES;
				GCC_WARN_UNUSED_VARIABLE = YES;
				IPHONEOS_DEPLOYMENT_TARGET = 16.2;
				MTL_ENABLE_DEBUG_INFO = NO;
				MTL_FAST_MATH = YES;
				SDKROOT = iphoneos;
				SWIFT_COMPILATION_MODE = wholemodule;
				SWIFT_OPTIMIZATION_LEVEL = "-O";
				VALIDATE_PRODUCT = YES;
			};
			name = Release;
		};
		C09E0AD529D2EC3C00D58E0E /* Debug */ = {
			isa = XCBuildConfiguration;
			buildSettings = {
				ASSETCATALOG_COMPILER_APPICON_NAME = AppIcon;
				ASSETCATALOG_COMPILER_GLOBAL_ACCENT_COLOR_NAME = AccentColor;
				CODE_SIGN_STYLE = Automatic;
				CURRENT_PROJECT_VERSION = 1;
				DEVELOPMENT_ASSET_PATHS = "\"Landmarks/Preview Content\"";
				DEVELOPMENT_TEAM = 7CQAR4CYZX;
				ENABLE_PREVIEWS = YES;
				GENERATE_INFOPLIST_FILE = YES;
				INFOPLIST_KEY_UIApplicationSceneManifest_Generation = YES;
				INFOPLIST_KEY_UIApplicationSupportsIndirectInputEvents = YES;
				INFOPLIST_KEY_UILaunchScreen_Generation = YES;
				INFOPLIST_KEY_UISupportedInterfaceOrientations_iPad = "UIInterfaceOrientationPortrait UIInterfaceOrientationPortraitUpsideDown UIInterfaceOrientationLandscapeLeft UIInterfaceOrientationLandscapeRight";
				INFOPLIST_KEY_UISupportedInterfaceOrientations_iPhone = "UIInterfaceOrientationPortrait UIInterfaceOrientationLandscapeLeft UIInterfaceOrientationLandscapeRight";
				LD_RUNPATH_SEARCH_PATHS = (
					"$(inherited)",
					"@executable_path/Frameworks",
				);
				MARKETING_VERSION = 1.0;
				PRODUCT_BUNDLE_IDENTIFIER = com.SungMinCho.Landmarks;
				PRODUCT_NAME = "$(TARGET_NAME)";
				SWIFT_EMIT_LOC_STRINGS = YES;
				SWIFT_VERSION = 5.0;
				TARGETED_DEVICE_FAMILY = "1,2";
			};
			name = Debug;
		};
		C09E0AD629D2EC3C00D58E0E /* Release */ = {
			isa = XCBuildConfiguration;
			buildSettings = {
				ASSETCATALOG_COMPILER_APPICON_NAME = AppIcon;
				ASSETCATALOG_COMPILER_GLOBAL_ACCENT_COLOR_NAME = AccentColor;
				CODE_SIGN_STYLE = Automatic;
				CURRENT_PROJECT_VERSION = 1;
				DEVELOPMENT_ASSET_PATHS = "\"Landmarks/Preview Content\"";
				DEVELOPMENT_TEAM = 7CQAR4CYZX;
				ENABLE_PREVIEWS = YES;
				GENERATE_INFOPLIST_FILE = YES;
				INFOPLIST_KEY_UIApplicationSceneManifest_Generation = YES;
				INFOPLIST_KEY_UIApplicationSupportsIndirectInputEvents = YES;
				INFOPLIST_KEY_UILaunchScreen_Generation = YES;
				INFOPLIST_KEY_UISupportedInterfaceOrientations_iPad = "UIInterfaceOrientationPortrait UIInterfaceOrientationPortraitUpsideDown UIInterfaceOrientationLandscapeLeft UIInterfaceOrientationLandscapeRight";
				INFOPLIST_KEY_UISupportedInterfaceOrientations_iPhone = "UIInterfaceOrientationPortrait UIInterfaceOrientationLandscapeLeft UIInterfaceOrientationLandscapeRight";
				LD_RUNPATH_SEARCH_PATHS = (
					"$(inherited)",
					"@executable_path/Frameworks",
				);
				MARKETING_VERSION = 1.0;
				PRODUCT_BUNDLE_IDENTIFIER = com.SungMinCho.Landmarks;
				PRODUCT_NAME = "$(TARGET_NAME)";
				SWIFT_EMIT_LOC_STRINGS = YES;
				SWIFT_VERSION = 5.0;
				TARGETED_DEVICE_FAMILY = "1,2";
			};
			name = Release;
		};
/* End XCBuildConfiguration section */

/* Begin XCConfigurationList section */
		C09E0AC129D2EC3B00D58E0E /* Build configuration list for PBXProject "Landmarks" */ = {
			isa = XCConfigurationList;
			buildConfigurations = (
				C09E0AD229D2EC3C00D58E0E /* Debug */,
				C09E0AD329D2EC3C00D58E0E /* Release */,
			);
			defaultConfigurationIsVisible = 0;
			defaultConfigurationName = Release;
		};
		C09E0AD429D2EC3C00D58E0E /* Build configuration list for PBXNativeTarget "Landmarks" */ = {
			isa = XCConfigurationList;
			buildConfigurations = (
				C09E0AD529D2EC3C00D58E0E /* Debug */,
				C09E0AD629D2EC3C00D58E0E /* Release */,
			);
			defaultConfigurationIsVisible = 0;
			defaultConfigurationName = Release;
		};
/* End XCConfigurationList section */
	};
	rootObject = C09E0ABE29D2EC3B00D58E0E /* Project object */;
}
